// !$*UTF8*$!
{
	archiveVersion = 1;
	classes = {
	};
	objectVersion = 46;
	objects = {

/* Begin PBXBuildFile section */
		362DADCC1C0A6566000A58EC /* letimg.c in Sources */ = {isa = PBXBuildFile; fileRef = 362DAD9F1C0A6566000A58EC /* letimg.c */; };
		362DADCD1C0A6566000A58EC /* LetterGroupView.m in Sources */ = {isa = PBXBuildFile; fileRef = 362DADA21C0A6566000A58EC /* LetterGroupView.m */; };
		362DADCE1C0A6566000A58EC /* LetterShapesController.m in Sources */ = {isa = PBXBuildFile; fileRef = 362DADA41C0A6566000A58EC /* LetterShapesController.m */; };
		362DADCF1C0A6566000A58EC /* lidata.c in Sources */ = {isa = PBXBuildFile; fileRef = 362DADA51C0A6566000A58EC /* lidata.c */; };
		362DADD01C0A6566000A58EC /* ThumbImageView.m in Sources */ = {isa = PBXBuildFile; fileRef = 362DADAE1C0A6566000A58EC /* ThumbImageView.m */; };
		362DADD11C0A6566000A58EC /* LanguageManager.m in Sources */ = {isa = PBXBuildFile; fileRef = 362DADB11C0A6566000A58EC /* LanguageManager.m */; };
		362DADD21C0A6566000A58EC /* NSMutableArray+AddUnique.m in Sources */ = {isa = PBXBuildFile; fileRef = 362DADB31C0A6566000A58EC /* NSMutableArray+AddUnique.m */; };
		362DADD31C0A6566000A58EC /* RecognizerManager.m in Sources */ = {isa = PBXBuildFile; fileRef = 362DADB61C0A6566000A58EC /* RecognizerManager.m */; };
		362DADD41C0A6566000A58EC /* RectObject.m in Sources */ = {isa = PBXBuildFile; fileRef = 362DADB81C0A6566000A58EC /* RectObject.m */; };
		362DADD51C0A6566000A58EC /* SuggestionsView.m in Sources */ = {isa = PBXBuildFile; fileRef = 362DADBA1C0A6566000A58EC /* SuggestionsView.m */; };
		362DADD61C0A6566000A58EC /* utils.m in Sources */ = {isa = PBXBuildFile; fileRef = 362DADBD1C0A6566000A58EC /* utils.m */; };
		362DADD71C0A6566000A58EC /* WPTextView.m in Sources */ = {isa = PBXBuildFile; fileRef = 362DADBF1C0A6566000A58EC /* WPTextView.m */; };
		362DADD81C0A6566000A58EC /* WritePadPersistentData.m in Sources */ = {isa = PBXBuildFile; fileRef = 362DADC11C0A6566000A58EC /* WritePadPersistentData.m */; };
		362DADD91C0A6566000A58EC /* InkCollectorView.m in Sources */ = {isa = PBXBuildFile; fileRef = 362DADC41C0A6566000A58EC /* InkCollectorView.m */; };
		362DADDA1C0A6566000A58EC /* AsyncResultView.m in Sources */ = {isa = PBXBuildFile; fileRef = 362DADC71C0A6566000A58EC /* AsyncResultView.m */; };
		362DADDB1C0A6566000A58EC /* WritePadInputPanel.m in Sources */ = {isa = PBXBuildFile; fileRef = 362DADC91C0A6566000A58EC /* WritePadInputPanel.m */; };
		362DADDC1C0A6566000A58EC /* WritePadInputView.m in Sources */ = {isa = PBXBuildFile; fileRef = 362DADCB1C0A6566000A58EC /* WritePadInputView.m */; };
		362DADEA1C0A6AB2000A58EC /* Shortcut.m in Sources */ = {isa = PBXBuildFile; fileRef = 362DADE71C0A6AB2000A58EC /* Shortcut.m */; };
		362DADEB1C0A6AB2000A58EC /* Shortcuts.m in Sources */ = {isa = PBXBuildFile; fileRef = 362DADE91C0A6AB2000A58EC /* Shortcuts.m */; };
		362DADF91C0A74FC000A58EC /* ReleaseNotes.txt in Resources */ = {isa = PBXBuildFile; fileRef = 362DADF71C0A74FC000A58EC /* ReleaseNotes.txt */; };
		362DADFB1C0A7504000A58EC /* Images.xcassets in Resources */ = {isa = PBXBuildFile; fileRef = 362DADFA1C0A7504000A58EC /* Images.xcassets */; };
		362DADFF1C0A752F000A58EC /* usershortcuts.csv in Resources */ = {isa = PBXBuildFile; fileRef = 362DADFE1C0A752F000A58EC /* usershortcuts.csv */; };
		362DAE061C0A7546000A58EC /* EditWordItemViewController.swift in Sources */ = {isa = PBXBuildFile; fileRef = 362DAE011C0A7546000A58EC /* EditWordItemViewController.swift */; };
		362DAE071C0A7546000A58EC /* LanguageViewController.swift in Sources */ = {isa = PBXBuildFile; fileRef = 362DAE021C0A7546000A58EC /* LanguageViewController.swift */; };
		362DAE081C0A7546000A58EC /* OptionsViewController.swift in Sources */ = {isa = PBXBuildFile; fileRef = 362DAE031C0A7546000A58EC /* OptionsViewController.swift */; };
		362DAE091C0A7546000A58EC /* UserDictViewController.swift in Sources */ = {isa = PBXBuildFile; fileRef = 362DAE041C0A7546000A58EC /* UserDictViewController.swift */; };
		362DAE0A1C0A7546000A58EC /* WordListViewController.swift in Sources */ = {isa = PBXBuildFile; fileRef = 362DAE051C0A7546000A58EC /* WordListViewController.swift */; };
		362DAE0F1C0A75A0000A58EC /* LaunchScreen.xib in Resources */ = {isa = PBXBuildFile; fileRef = 362DAE0B1C0A75A0000A58EC /* LaunchScreen.xib */; };
		362DAE101C0A75A0000A58EC /* Main.storyboard in Resources */ = {isa = PBXBuildFile; fileRef = 362DAE0D1C0A75A0000A58EC /* Main.storyboard */; };
		3694AA4E1AE43830001E8BE3 /* AppDelegate.swift in Sources */ = {isa = PBXBuildFile; fileRef = 3694AA4D1AE43830001E8BE3 /* AppDelegate.swift */; };
		3694AA501AE43830001E8BE3 /* ViewController.swift in Sources */ = {isa = PBXBuildFile; fileRef = 3694AA4F1AE43830001E8BE3 /* ViewController.swift */; };
		3694AA8E1AE44B12001E8BE3 /* libWritePadRecoUniversal.a in Frameworks */ = {isa = PBXBuildFile; fileRef = 3694AA8D1AE44B12001E8BE3 /* libWritePadRecoUniversal.a */; };
		3694AAB71AE771E5001E8BE3 /* Indonesian.dct in Resources */ = {isa = PBXBuildFile; fileRef = 3694AAA91AE771E5001E8BE3 /* Indonesian.dct */; };
		3694AAB81AE771E5001E8BE3 /* Brazilian.dct in Resources */ = {isa = PBXBuildFile; fileRef = 3694AAAA1AE771E5001E8BE3 /* Brazilian.dct */; };
		3694AAB91AE771E5001E8BE3 /* Danish.dct in Resources */ = {isa = PBXBuildFile; fileRef = 3694AAAB1AE771E5001E8BE3 /* Danish.dct */; };
		3694AABA1AE771E5001E8BE3 /* Dutch.dct in Resources */ = {isa = PBXBuildFile; fileRef = 3694AAAC1AE771E5001E8BE3 /* Dutch.dct */; };
		3694AABB1AE771E5001E8BE3 /* English.dct in Resources */ = {isa = PBXBuildFile; fileRef = 3694AAAD1AE771E5001E8BE3 /* English.dct */; };
		3694AABC1AE771E5001E8BE3 /* EnglishUK.dct in Resources */ = {isa = PBXBuildFile; fileRef = 3694AAAE1AE771E5001E8BE3 /* EnglishUK.dct */; };
		3694AABD1AE771E5001E8BE3 /* Finnish.dct in Resources */ = {isa = PBXBuildFile; fileRef = 3694AAAF1AE771E5001E8BE3 /* Finnish.dct */; };
		3694AABE1AE771E5001E8BE3 /* French.dct in Resources */ = {isa = PBXBuildFile; fileRef = 3694AAB01AE771E5001E8BE3 /* French.dct */; };
		3694AABF1AE771E5001E8BE3 /* German.dct in Resources */ = {isa = PBXBuildFile; fileRef = 3694AAB11AE771E5001E8BE3 /* German.dct */; };
		3694AAC01AE771E5001E8BE3 /* Italian.dct in Resources */ = {isa = PBXBuildFile; fileRef = 3694AAB21AE771E5001E8BE3 /* Italian.dct */; };
		3694AAC11AE771E5001E8BE3 /* Norwegian.dct in Resources */ = {isa = PBXBuildFile; fileRef = 3694AAB31AE771E5001E8BE3 /* Norwegian.dct */; };
		3694AAC21AE771E5001E8BE3 /* Portuguese.dct in Resources */ = {isa = PBXBuildFile; fileRef = 3694AAB41AE771E5001E8BE3 /* Portuguese.dct */; };
		3694AAC31AE771E5001E8BE3 /* Spanish.dct in Resources */ = {isa = PBXBuildFile; fileRef = 3694AAB51AE771E5001E8BE3 /* Spanish.dct */; };
		3694AAC41AE771E5001E8BE3 /* Swedish.dct in Resources */ = {isa = PBXBuildFile; fileRef = 3694AAB61AE771E5001E8BE3 /* Swedish.dct */; };
/* End PBXBuildFile section */

/* Begin PBXFileReference section */
		3621C7BE1EA68273002D5D11 /* RecognizerAPI.h */ = {isa = PBXFileReference; fileEncoding = 4; lastKnownFileType = sourcecode.c.h; path = RecognizerAPI.h; sourceTree = "<group>"; };
		3621C7BF1EA68273002D5D11 /* RecoTypes.h */ = {isa = PBXFileReference; fileEncoding = 4; lastKnownFileType = sourcecode.c.h; path = RecoTypes.h; sourceTree = "<group>"; };
		362DAD9F1C0A6566000A58EC /* letimg.c */ = {isa = PBXFileReference; fileEncoding = 4; lastKnownFileType = sourcecode.c.c; path = letimg.c; sourceTree = "<group>"; };
		362DADA01C0A6566000A58EC /* letimg.h */ = {isa = PBXFileReference; fileEncoding = 4; lastKnownFileType = sourcecode.c.h; path = letimg.h; sourceTree = "<group>"; };
		362DADA11C0A6566000A58EC /* LetterGroupView.h */ = {isa = PBXFileReference; fileEncoding = 4; lastKnownFileType = sourcecode.c.h; path = LetterGroupView.h; sourceTree = "<group>"; };
		362DADA21C0A6566000A58EC /* LetterGroupView.m */ = {isa = PBXFileReference; fileEncoding = 4; lastKnownFileType = sourcecode.c.objc; path = LetterGroupView.m; sourceTree = "<group>"; };
		362DADA31C0A6566000A58EC /* LetterShapesController.h */ = {isa = PBXFileReference; fileEncoding = 4; lastKnownFileType = sourcecode.c.h; path = LetterShapesController.h; sourceTree = "<group>"; };
		362DADA41C0A6566000A58EC /* LetterShapesController.m */ = {isa = PBXFileReference; fileEncoding = 4; lastKnownFileType = sourcecode.c.objc; path = LetterShapesController.m; sourceTree = "<group>"; };
		362DADA51C0A6566000A58EC /* lidata.c */ = {isa = PBXFileReference; fileEncoding = 4; lastKnownFileType = sourcecode.c.c; path = lidata.c; sourceTree = "<group>"; };
		362DADA61C0A6566000A58EC /* lidatadf.h */ = {isa = PBXFileReference; fileEncoding = 4; lastKnownFileType = sourcecode.c.h; path = lidatadf.h; sourceTree = "<group>"; };
		362DADA71C0A6566000A58EC /* lidt_eng.h */ = {isa = PBXFileReference; fileEncoding = 4; lastKnownFileType = sourcecode.c.h; path = lidt_eng.h; sourceTree = "<group>"; };
		362DADA81C0A6566000A58EC /* lidt_fre.h */ = {isa = PBXFileReference; fileEncoding = 4; lastKnownFileType = sourcecode.c.h; path = lidt_fre.h; sourceTree = "<group>"; };
		362DADA91C0A6566000A58EC /* lidt_ger.h */ = {isa = PBXFileReference; fileEncoding = 4; lastKnownFileType = sourcecode.c.h; path = lidt_ger.h; sourceTree = "<group>"; };
		362DADAA1C0A6566000A58EC /* ligstate.h */ = {isa = PBXFileReference; fileEncoding = 4; lastKnownFileType = sourcecode.c.h; path = ligstate.h; sourceTree = "<group>"; };
		362DADAB1C0A6566000A58EC /* liintern.h */ = {isa = PBXFileReference; fileEncoding = 4; lastKnownFileType = sourcecode.c.h; path = liintern.h; sourceTree = "<group>"; };
		362DADAC1C0A6566000A58EC /* ShapeAPI.h */ = {isa = PBXFileReference; fileEncoding = 4; lastKnownFileType = sourcecode.c.h; path = ShapeAPI.h; sourceTree = "<group>"; };
		362DADAD1C0A6566000A58EC /* ThumbImageView.h */ = {isa = PBXFileReference; fileEncoding = 4; lastKnownFileType = sourcecode.c.h; path = ThumbImageView.h; sourceTree = "<group>"; };
		362DADAE1C0A6566000A58EC /* ThumbImageView.m */ = {isa = PBXFileReference; fileEncoding = 4; lastKnownFileType = sourcecode.c.objc; path = ThumbImageView.m; sourceTree = "<group>"; };
		362DADB01C0A6566000A58EC /* LanguageManager.h */ = {isa = PBXFileReference; fileEncoding = 4; lastKnownFileType = sourcecode.c.h; path = LanguageManager.h; sourceTree = "<group>"; };
		362DADB11C0A6566000A58EC /* LanguageManager.m */ = {isa = PBXFileReference; fileEncoding = 4; lastKnownFileType = sourcecode.c.objc; path = LanguageManager.m; sourceTree = "<group>"; };
		362DADB21C0A6566000A58EC /* NSMutableArray+AddUnique.h */ = {isa = PBXFileReference; fileEncoding = 4; lastKnownFileType = sourcecode.c.h; path = "NSMutableArray+AddUnique.h"; sourceTree = "<group>"; };
		362DADB31C0A6566000A58EC /* NSMutableArray+AddUnique.m */ = {isa = PBXFileReference; fileEncoding = 4; lastKnownFileType = sourcecode.c.objc; path = "NSMutableArray+AddUnique.m"; sourceTree = "<group>"; };
		362DADB41C0A6566000A58EC /* OptionKeys.h */ = {isa = PBXFileReference; fileEncoding = 4; lastKnownFileType = sourcecode.c.h; path = OptionKeys.h; sourceTree = "<group>"; };
		362DADB51C0A6566000A58EC /* RecognizerManager.h */ = {isa = PBXFileReference; fileEncoding = 4; lastKnownFileType = sourcecode.c.h; path = RecognizerManager.h; sourceTree = "<group>"; };
		362DADB61C0A6566000A58EC /* RecognizerManager.m */ = {isa = PBXFileReference; fileEncoding = 4; lastKnownFileType = sourcecode.c.objc; path = RecognizerManager.m; sourceTree = "<group>"; };
		362DADB71C0A6566000A58EC /* RectObject.h */ = {isa = PBXFileReference; fileEncoding = 4; lastKnownFileType = sourcecode.c.h; path = RectObject.h; sourceTree = "<group>"; };
		362DADB81C0A6566000A58EC /* RectObject.m */ = {isa = PBXFileReference; fileEncoding = 4; lastKnownFileType = sourcecode.c.objc; path = RectObject.m; sourceTree = "<group>"; };
		362DADB91C0A6566000A58EC /* SuggestionsView.h */ = {isa = PBXFileReference; fileEncoding = 4; lastKnownFileType = sourcecode.c.h; path = SuggestionsView.h; sourceTree = "<group>"; };
		362DADBA1C0A6566000A58EC /* SuggestionsView.m */ = {isa = PBXFileReference; fileEncoding = 4; lastKnownFileType = sourcecode.c.objc; path = SuggestionsView.m; sourceTree = "<group>"; };
		362DADBB1C0A6566000A58EC /* UIConst.h */ = {isa = PBXFileReference; fileEncoding = 4; lastKnownFileType = sourcecode.c.h; path = UIConst.h; sourceTree = "<group>"; };
		362DADBC1C0A6566000A58EC /* utils.h */ = {isa = PBXFileReference; fileEncoding = 4; lastKnownFileType = sourcecode.c.h; path = utils.h; sourceTree = "<group>"; };
		362DADBD1C0A6566000A58EC /* utils.m */ = {isa = PBXFileReference; fileEncoding = 4; lastKnownFileType = sourcecode.c.objc; path = utils.m; sourceTree = "<group>"; };
		362DADBE1C0A6566000A58EC /* WPTextView.h */ = {isa = PBXFileReference; fileEncoding = 4; lastKnownFileType = sourcecode.c.h; path = WPTextView.h; sourceTree = "<group>"; };
		362DADBF1C0A6566000A58EC /* WPTextView.m */ = {isa = PBXFileReference; fileEncoding = 4; lastKnownFileType = sourcecode.c.objc; path = WPTextView.m; sourceTree = "<group>"; };
		362DADC01C0A6566000A58EC /* WritePadPersistentData.h */ = {isa = PBXFileReference; fileEncoding = 4; lastKnownFileType = sourcecode.c.h; path = WritePadPersistentData.h; sourceTree = "<group>"; };
		362DADC11C0A6566000A58EC /* WritePadPersistentData.m */ = {isa = PBXFileReference; fileEncoding = 4; lastKnownFileType = sourcecode.c.objc; path = WritePadPersistentData.m; sourceTree = "<group>"; };
		362DADC31C0A6566000A58EC /* InkCollectorView.h */ = {isa = PBXFileReference; fileEncoding = 4; lastKnownFileType = sourcecode.c.h; path = InkCollectorView.h; sourceTree = "<group>"; };
		362DADC41C0A6566000A58EC /* InkCollectorView.m */ = {isa = PBXFileReference; fileEncoding = 4; lastKnownFileType = sourcecode.c.objc; path = InkCollectorView.m; sourceTree = "<group>"; };
		362DADC61C0A6566000A58EC /* AsyncResultView.h */ = {isa = PBXFileReference; fileEncoding = 4; lastKnownFileType = sourcecode.c.h; path = AsyncResultView.h; sourceTree = "<group>"; };
		362DADC71C0A6566000A58EC /* AsyncResultView.m */ = {isa = PBXFileReference; fileEncoding = 4; lastKnownFileType = sourcecode.c.objc; path = AsyncResultView.m; sourceTree = "<group>"; };
		362DADC81C0A6566000A58EC /* WritePadInputPanel.h */ = {isa = PBXFileReference; fileEncoding = 4; lastKnownFileType = sourcecode.c.h; path = WritePadInputPanel.h; sourceTree = "<group>"; };
		362DADC91C0A6566000A58EC /* WritePadInputPanel.m */ = {isa = PBXFileReference; fileEncoding = 4; lastKnownFileType = sourcecode.c.objc; path = WritePadInputPanel.m; sourceTree = "<group>"; };
		362DADCA1C0A6566000A58EC /* WritePadInputView.h */ = {isa = PBXFileReference; fileEncoding = 4; lastKnownFileType = sourcecode.c.h; path = WritePadInputView.h; sourceTree = "<group>"; };
		362DADCB1C0A6566000A58EC /* WritePadInputView.m */ = {isa = PBXFileReference; fileEncoding = 4; lastKnownFileType = sourcecode.c.objc; path = WritePadInputView.m; sourceTree = "<group>"; };
		362DADDE1C0A656D000A58EC /* gestures.h */ = {isa = PBXFileReference; fileEncoding = 4; lastKnownFileType = sourcecode.c.h; path = gestures.h; sourceTree = "<group>"; };
		362DADDF1C0A656D000A58EC /* InkWrapper.h */ = {isa = PBXFileReference; fileEncoding = 4; lastKnownFileType = sourcecode.c.h; path = InkWrapper.h; sourceTree = "<group>"; };
		362DADE01C0A656D000A58EC /* langid.h */ = {isa = PBXFileReference; fileEncoding = 4; lastKnownFileType = sourcecode.c.h; path = langid.h; sourceTree = "<group>"; };
		362DADE11C0A656D000A58EC /* recodefs.h */ = {isa = PBXFileReference; fileEncoding = 4; lastKnownFileType = sourcecode.c.h; path = recodefs.h; sourceTree = "<group>"; };
		362DADE31C0A656D000A58EC /* RecognizerWrapper.h */ = {isa = PBXFileReference; fileEncoding = 4; lastKnownFileType = sourcecode.c.h; path = RecognizerWrapper.h; sourceTree = "<group>"; };
		362DADE61C0A6AB2000A58EC /* Shortcut.h */ = {isa = PBXFileReference; fileEncoding = 4; lastKnownFileType = sourcecode.c.h; path = Shortcut.h; sourceTree = "<group>"; };
		362DADE71C0A6AB2000A58EC /* Shortcut.m */ = {isa = PBXFileReference; fileEncoding = 4; lastKnownFileType = sourcecode.c.objc; path = Shortcut.m; sourceTree = "<group>"; };
		362DADE81C0A6AB2000A58EC /* Shortcuts.h */ = {isa = PBXFileReference; fileEncoding = 4; lastKnownFileType = sourcecode.c.h; path = Shortcuts.h; sourceTree = "<group>"; };
		362DADE91C0A6AB2000A58EC /* Shortcuts.m */ = {isa = PBXFileReference; fileEncoding = 4; lastKnownFileType = sourcecode.c.objc; path = Shortcuts.m; sourceTree = "<group>"; };
		362DADF81C0A74FC000A58EC /* Base */ = {isa = PBXFileReference; lastKnownFileType = text; name = Base; path = Resource/Base.lproj/ReleaseNotes.txt; sourceTree = "<group>"; };
		362DADFA1C0A7504000A58EC /* Images.xcassets */ = {isa = PBXFileReference; lastKnownFileType = folder.assetcatalog; name = Images.xcassets; path = Resource/Images.xcassets; sourceTree = "<group>"; };
		362DADFE1C0A752F000A58EC /* usershortcuts.csv */ = {isa = PBXFileReference; fileEncoding = 4; lastKnownFileType = text; name = usershortcuts.csv; path = Resource/usershortcuts.csv; sourceTree = "<group>"; };
		362DAE011C0A7546000A58EC /* EditWordItemViewController.swift */ = {isa = PBXFileReference; fileEncoding = 4; lastKnownFileType = sourcecode.swift; path = EditWordItemViewController.swift; sourceTree = "<group>"; };
		362DAE021C0A7546000A58EC /* LanguageViewController.swift */ = {isa = PBXFileReference; fileEncoding = 4; lastKnownFileType = sourcecode.swift; path = LanguageViewController.swift; sourceTree = "<group>"; };
		362DAE031C0A7546000A58EC /* OptionsViewController.swift */ = {isa = PBXFileReference; fileEncoding = 4; lastKnownFileType = sourcecode.swift; path = OptionsViewController.swift; sourceTree = "<group>"; };
		362DAE041C0A7546000A58EC /* UserDictViewController.swift */ = {isa = PBXFileReference; fileEncoding = 4; lastKnownFileType = sourcecode.swift; path = UserDictViewController.swift; sourceTree = "<group>"; };
		362DAE051C0A7546000A58EC /* WordListViewController.swift */ = {isa = PBXFileReference; fileEncoding = 4; lastKnownFileType = sourcecode.swift; path = WordListViewController.swift; sourceTree = "<group>"; };
		362DAE0C1C0A75A0000A58EC /* Base */ = {isa = PBXFileReference; lastKnownFileType = file.xib; name = Base; path = Resource/Base.lproj/LaunchScreen.xib; sourceTree = "<group>"; };
		362DAE0E1C0A75A0000A58EC /* Base */ = {isa = PBXFileReference; lastKnownFileType = file.storyboard; name = Base; path = Resource/Base.lproj/Main.storyboard; sourceTree = "<group>"; };
		362DAE111C0AA75A000A58EC /* WritePadSDK-Sample-Swift.entitlements */ = {isa = PBXFileReference; lastKnownFileType = text.xml; path = "WritePadSDK-Sample-Swift.entitlements"; sourceTree = "<group>"; };
		3694AA481AE43830001E8BE3 /* WritePadSDK-Sample-Swift.app */ = {isa = PBXFileReference; explicitFileType = wrapper.application; includeInIndex = 0; path = "WritePadSDK-Sample-Swift.app"; sourceTree = BUILT_PRODUCTS_DIR; };
		3694AA4C1AE43830001E8BE3 /* Info.plist */ = {isa = PBXFileReference; lastKnownFileType = text.plist.xml; path = Info.plist; sourceTree = "<group>"; };
		3694AA4D1AE43830001E8BE3 /* AppDelegate.swift */ = {isa = PBXFileReference; lastKnownFileType = sourcecode.swift; path = AppDelegate.swift; sourceTree = "<group>"; };
		3694AA4F1AE43830001E8BE3 /* ViewController.swift */ = {isa = PBXFileReference; lastKnownFileType = sourcecode.swift; path = ViewController.swift; sourceTree = "<group>"; };
		3694AA701AE43C68001E8BE3 /* WritePadSDK-Sample-Swift-Bridging-Header.h */ = {isa = PBXFileReference; lastKnownFileType = sourcecode.c.h; path = "WritePadSDK-Sample-Swift-Bridging-Header.h"; sourceTree = "<group>"; };
		3694AA8D1AE44B12001E8BE3 /* libWritePadRecoUniversal.a */ = {isa = PBXFileReference; lastKnownFileType = archive.ar; name = libWritePadRecoUniversal.a; path = ../../Library/libWritePadRecoUniversal.a; sourceTree = "<group>"; };
		3694AAA91AE771E5001E8BE3 /* Indonesian.dct */ = {isa = PBXFileReference; lastKnownFileType = file; name = Indonesian.dct; path = ../../Dictionaries/Indonesian.dct; sourceTree = "<group>"; };
		3694AAAA1AE771E5001E8BE3 /* Brazilian.dct */ = {isa = PBXFileReference; lastKnownFileType = file; name = Brazilian.dct; path = ../../Dictionaries/Brazilian.dct; sourceTree = "<group>"; };
		3694AAAB1AE771E5001E8BE3 /* Danish.dct */ = {isa = PBXFileReference; lastKnownFileType = file; name = Danish.dct; path = ../../Dictionaries/Danish.dct; sourceTree = "<group>"; };
		3694AAAC1AE771E5001E8BE3 /* Dutch.dct */ = {isa = PBXFileReference; lastKnownFileType = file; name = Dutch.dct; path = ../../Dictionaries/Dutch.dct; sourceTree = "<group>"; };
		3694AAAD1AE771E5001E8BE3 /* English.dct */ = {isa = PBXFileReference; lastKnownFileType = file; name = English.dct; path = ../../Dictionaries/English.dct; sourceTree = "<group>"; };
		3694AAAE1AE771E5001E8BE3 /* EnglishUK.dct */ = {isa = PBXFileReference; lastKnownFileType = file; name = EnglishUK.dct; path = ../../Dictionaries/EnglishUK.dct; sourceTree = "<group>"; };
		3694AAAF1AE771E5001E8BE3 /* Finnish.dct */ = {isa = PBXFileReference; lastKnownFileType = file; name = Finnish.dct; path = ../../Dictionaries/Finnish.dct; sourceTree = "<group>"; };
		3694AAB01AE771E5001E8BE3 /* French.dct */ = {isa = PBXFileReference; lastKnownFileType = file; name = French.dct; path = ../../Dictionaries/French.dct; sourceTree = "<group>"; };
		3694AAB11AE771E5001E8BE3 /* German.dct */ = {isa = PBXFileReference; lastKnownFileType = file; name = German.dct; path = ../../Dictionaries/German.dct; sourceTree = "<group>"; };
		3694AAB21AE771E5001E8BE3 /* Italian.dct */ = {isa = PBXFileReference; lastKnownFileType = file; name = Italian.dct; path = ../../Dictionaries/Italian.dct; sourceTree = "<group>"; };
		3694AAB31AE771E5001E8BE3 /* Norwegian.dct */ = {isa = PBXFileReference; lastKnownFileType = file; name = Norwegian.dct; path = ../../Dictionaries/Norwegian.dct; sourceTree = "<group>"; };
		3694AAB41AE771E5001E8BE3 /* Portuguese.dct */ = {isa = PBXFileReference; lastKnownFileType = file; name = Portuguese.dct; path = ../../Dictionaries/Portuguese.dct; sourceTree = "<group>"; };
		3694AAB51AE771E5001E8BE3 /* Spanish.dct */ = {isa = PBXFileReference; lastKnownFileType = file; name = Spanish.dct; path = ../../Dictionaries/Spanish.dct; sourceTree = "<group>"; };
		3694AAB61AE771E5001E8BE3 /* Swedish.dct */ = {isa = PBXFileReference; lastKnownFileType = file; name = Swedish.dct; path = ../../Dictionaries/Swedish.dct; sourceTree = "<group>"; };
/* End PBXFileReference section */

/* Begin PBXFrameworksBuildPhase section */
		3694AA451AE43830001E8BE3 /* Frameworks */ = {
			isa = PBXFrameworksBuildPhase;
			buildActionMask = 2147483647;
			files = (
				3694AA8E1AE44B12001E8BE3 /* libWritePadRecoUniversal.a in Frameworks */,
			);
			runOnlyForDeploymentPostprocessing = 0;
		};
/* End PBXFrameworksBuildPhase section */

/* Begin PBXGroup section */
		362DAD9D1C0A6566000A58EC /* Shared */ = {
			isa = PBXGroup;
			children = (
				362DADE51C0A6AB2000A58EC /* Shortcuts */,
				362DAD9E1C0A6566000A58EC /* ShapeSelector */,
				362DADAF1C0A6566000A58EC /* Utilities */,
				362DADC21C0A6566000A58EC /* WriteAnywhere */,
				362DADC51C0A6566000A58EC /* WritePanel */,
			);
			name = Shared;
			path = ../../Shared;
			sourceTree = "<group>";
		};
		362DAD9E1C0A6566000A58EC /* ShapeSelector */ = {
			isa = PBXGroup;
			children = (
				362DAD9F1C0A6566000A58EC /* letimg.c */,
				362DADA01C0A6566000A58EC /* letimg.h */,
				362DADA11C0A6566000A58EC /* LetterGroupView.h */,
				362DADA21C0A6566000A58EC /* LetterGroupView.m */,
				362DADA31C0A6566000A58EC /* LetterShapesController.h */,
				362DADA41C0A6566000A58EC /* LetterShapesController.m */,
				362DADA51C0A6566000A58EC /* lidata.c */,
				362DADA61C0A6566000A58EC /* lidatadf.h */,
				362DADA71C0A6566000A58EC /* lidt_eng.h */,
				362DADA81C0A6566000A58EC /* lidt_fre.h */,
				362DADA91C0A6566000A58EC /* lidt_ger.h */,
				362DADAA1C0A6566000A58EC /* ligstate.h */,
				362DADAB1C0A6566000A58EC /* liintern.h */,
				362DADAC1C0A6566000A58EC /* ShapeAPI.h */,
				362DADAD1C0A6566000A58EC /* ThumbImageView.h */,
				362DADAE1C0A6566000A58EC /* ThumbImageView.m */,
			);
			path = ShapeSelector;
			sourceTree = "<group>";
		};
		362DADAF1C0A6566000A58EC /* Utilities */ = {
			isa = PBXGroup;
			children = (
				362DADB01C0A6566000A58EC /* LanguageManager.h */,
				362DADB11C0A6566000A58EC /* LanguageManager.m */,
				362DADB21C0A6566000A58EC /* NSMutableArray+AddUnique.h */,
				362DADB31C0A6566000A58EC /* NSMutableArray+AddUnique.m */,
				362DADB41C0A6566000A58EC /* OptionKeys.h */,
				362DADB51C0A6566000A58EC /* RecognizerManager.h */,
				362DADB61C0A6566000A58EC /* RecognizerManager.m */,
				362DADB71C0A6566000A58EC /* RectObject.h */,
				362DADB81C0A6566000A58EC /* RectObject.m */,
				362DADB91C0A6566000A58EC /* SuggestionsView.h */,
				362DADBA1C0A6566000A58EC /* SuggestionsView.m */,
				362DADBB1C0A6566000A58EC /* UIConst.h */,
				362DADBC1C0A6566000A58EC /* utils.h */,
				362DADBD1C0A6566000A58EC /* utils.m */,
				362DADBE1C0A6566000A58EC /* WPTextView.h */,
				362DADBF1C0A6566000A58EC /* WPTextView.m */,
				362DADC01C0A6566000A58EC /* WritePadPersistentData.h */,
				362DADC11C0A6566000A58EC /* WritePadPersistentData.m */,
			);
			path = Utilities;
			sourceTree = "<group>";
		};
		362DADC21C0A6566000A58EC /* WriteAnywhere */ = {
			isa = PBXGroup;
			children = (
				362DADC31C0A6566000A58EC /* InkCollectorView.h */,
				362DADC41C0A6566000A58EC /* InkCollectorView.m */,
			);
			path = WriteAnywhere;
			sourceTree = "<group>";
		};
		362DADC51C0A6566000A58EC /* WritePanel */ = {
			isa = PBXGroup;
			children = (
				362DADC61C0A6566000A58EC /* AsyncResultView.h */,
				362DADC71C0A6566000A58EC /* AsyncResultView.m */,
				362DADC81C0A6566000A58EC /* WritePadInputPanel.h */,
				362DADC91C0A6566000A58EC /* WritePadInputPanel.m */,
				362DADCA1C0A6566000A58EC /* WritePadInputView.h */,
				362DADCB1C0A6566000A58EC /* WritePadInputView.m */,
			);
			path = WritePanel;
			sourceTree = "<group>";
		};
		362DADDD1C0A656D000A58EC /* include */ = {
			isa = PBXGroup;
			children = (
				3621C7BE1EA68273002D5D11 /* RecognizerAPI.h */,
				3621C7BF1EA68273002D5D11 /* RecoTypes.h */,
				362DADDE1C0A656D000A58EC /* gestures.h */,
				362DADDF1C0A656D000A58EC /* InkWrapper.h */,
				362DADE01C0A656D000A58EC /* langid.h */,
				362DADE11C0A656D000A58EC /* recodefs.h */,
				362DADE31C0A656D000A58EC /* RecognizerWrapper.h */,
			);
			name = include;
			path = ../../include;
			sourceTree = "<group>";
		};
		362DADE51C0A6AB2000A58EC /* Shortcuts */ = {
			isa = PBXGroup;
			children = (
				362DADE61C0A6AB2000A58EC /* Shortcut.h */,
				362DADE71C0A6AB2000A58EC /* Shortcut.m */,
				362DADE81C0A6AB2000A58EC /* Shortcuts.h */,
				362DADE91C0A6AB2000A58EC /* Shortcuts.m */,
			);
			path = Shortcuts;
			sourceTree = "<group>";
		};
		362DADF41C0A7420000A58EC /* Resource */ = {
			isa = PBXGroup;
			children = (
				362DADFA1C0A7504000A58EC /* Images.xcassets */,
				362DAE0B1C0A75A0000A58EC /* LaunchScreen.xib */,
				362DAE0D1C0A75A0000A58EC /* Main.storyboard */,
				362DADF71C0A74FC000A58EC /* ReleaseNotes.txt */,
				362DADFE1C0A752F000A58EC /* usershortcuts.csv */,
			);
			name = Resource;
			sourceTree = "<group>";
		};
		362DAE001C0A7546000A58EC /* Options */ = {
			isa = PBXGroup;
			children = (
				362DAE011C0A7546000A58EC /* EditWordItemViewController.swift */,
				362DAE021C0A7546000A58EC /* LanguageViewController.swift */,
				362DAE031C0A7546000A58EC /* OptionsViewController.swift */,
				362DAE041C0A7546000A58EC /* UserDictViewController.swift */,
				362DAE051C0A7546000A58EC /* WordListViewController.swift */,
			);
			name = Options;
			path = "WritePadSDK-Sample-Swift/Options";
			sourceTree = SOURCE_ROOT;
		};
		3694AA3F1AE43830001E8BE3 = {
			isa = PBXGroup;
			children = (
				3694AA4A1AE43830001E8BE3 /* WritePadSDK-Sample-Swift */,
				3694AA491AE43830001E8BE3 /* Products */,
			);
			sourceTree = "<group>";
		};
		3694AA491AE43830001E8BE3 /* Products */ = {
			isa = PBXGroup;
			children = (
				3694AA481AE43830001E8BE3 /* WritePadSDK-Sample-Swift.app */,
			);
			name = Products;
			sourceTree = "<group>";
		};
		3694AA4A1AE43830001E8BE3 /* WritePadSDK-Sample-Swift */ = {
			isa = PBXGroup;
			children = (
				362DAE111C0AA75A000A58EC /* WritePadSDK-Sample-Swift.entitlements */,
				362DADDD1C0A656D000A58EC /* include */,
				362DAD9D1C0A6566000A58EC /* Shared */,
				362DAE001C0A7546000A58EC /* Options */,
				3694AA4F1AE43830001E8BE3 /* ViewController.swift */,
				3694AA4D1AE43830001E8BE3 /* AppDelegate.swift */,
				3694AA4B1AE43830001E8BE3 /* Supporting Files */,
				3694AA701AE43C68001E8BE3 /* WritePadSDK-Sample-Swift-Bridging-Header.h */,
			);
			path = "WritePadSDK-Sample-Swift";
			sourceTree = "<group>";
		};
		3694AA4B1AE43830001E8BE3 /* Supporting Files */ = {
			isa = PBXGroup;
			children = (
				362DADF41C0A7420000A58EC /* Resource */,
				3694AAA81AE771D5001E8BE3 /* Dictionaries */,
				3694AA8D1AE44B12001E8BE3 /* libWritePadRecoUniversal.a */,
				3694AA4C1AE43830001E8BE3 /* Info.plist */,
			);
			name = "Supporting Files";
			sourceTree = "<group>";
		};
		3694AAA81AE771D5001E8BE3 /* Dictionaries */ = {
			isa = PBXGroup;
			children = (
				3694AAA91AE771E5001E8BE3 /* Indonesian.dct */,
				3694AAAA1AE771E5001E8BE3 /* Brazilian.dct */,
				3694AAAB1AE771E5001E8BE3 /* Danish.dct */,
				3694AAAC1AE771E5001E8BE3 /* Dutch.dct */,
				3694AAAD1AE771E5001E8BE3 /* English.dct */,
				3694AAAE1AE771E5001E8BE3 /* EnglishUK.dct */,
				3694AAAF1AE771E5001E8BE3 /* Finnish.dct */,
				3694AAB01AE771E5001E8BE3 /* French.dct */,
				3694AAB11AE771E5001E8BE3 /* German.dct */,
				3694AAB21AE771E5001E8BE3 /* Italian.dct */,
				3694AAB31AE771E5001E8BE3 /* Norwegian.dct */,
				3694AAB41AE771E5001E8BE3 /* Portuguese.dct */,
				3694AAB51AE771E5001E8BE3 /* Spanish.dct */,
				3694AAB61AE771E5001E8BE3 /* Swedish.dct */,
			);
			name = Dictionaries;
			sourceTree = "<group>";
		};
/* End PBXGroup section */

/* Begin PBXNativeTarget section */
		3694AA471AE43830001E8BE3 /* WritePadSDK-Sample-Swift */ = {
			isa = PBXNativeTarget;
			buildConfigurationList = 3694AA671AE43830001E8BE3 /* Build configuration list for PBXNativeTarget "WritePadSDK-Sample-Swift" */;
			buildPhases = (
				3694AA441AE43830001E8BE3 /* Sources */,
				3694AA451AE43830001E8BE3 /* Frameworks */,
				3694AA461AE43830001E8BE3 /* Resources */,
			);
			buildRules = (
			);
			dependencies = (
			);
			name = "WritePadSDK-Sample-Swift";
			productName = "WritePadSDK-Sample-Swift";
			productReference = 3694AA481AE43830001E8BE3 /* WritePadSDK-Sample-Swift.app */;
			productType = "com.apple.product-type.application";
		};
/* End PBXNativeTarget section */

/* Begin PBXProject section */
		3694AA401AE43830001E8BE3 /* Project object */ = {
			isa = PBXProject;
			attributes = {
				LastSwiftMigration = 0700;
				LastSwiftUpdateCheck = 0700;
				LastUpgradeCheck = 0810;
				ORGANIZATIONNAME = "PhatWare Corp.";
				TargetAttributes = {
					3694AA471AE43830001E8BE3 = {
						CreatedOnToolsVersion = 6.3;
						DevelopmentTeam = U97D34BCNV;
						LastSwiftMigration = 0810;
						SystemCapabilities = {
							com.apple.ApplicationGroups.iOS = {
								enabled = 0;
							};
						};
					};
				};
			};
			buildConfigurationList = 3694AA431AE43830001E8BE3 /* Build configuration list for PBXProject "WritePadSDK-Sample-Swift" */;
			compatibilityVersion = "Xcode 3.2";
			developmentRegion = English;
			hasScannedForEncodings = 0;
			knownRegions = (
				en,
				Base,
			);
			mainGroup = 3694AA3F1AE43830001E8BE3;
			productRefGroup = 3694AA491AE43830001E8BE3 /* Products */;
			projectDirPath = "";
			projectRoot = "";
			targets = (
				3694AA471AE43830001E8BE3 /* WritePadSDK-Sample-Swift */,
			);
		};
/* End PBXProject section */

/* Begin PBXResourcesBuildPhase section */
		3694AA461AE43830001E8BE3 /* Resources */ = {
			isa = PBXResourcesBuildPhase;
			buildActionMask = 2147483647;
			files = (
				3694AAB81AE771E5001E8BE3 /* Brazilian.dct in Resources */,
				3694AABE1AE771E5001E8BE3 /* French.dct in Resources */,
				3694AABF1AE771E5001E8BE3 /* German.dct in Resources */,
				3694AAC41AE771E5001E8BE3 /* Swedish.dct in Resources */,
				362DADFF1C0A752F000A58EC /* usershortcuts.csv in Resources */,
				3694AAC11AE771E5001E8BE3 /* Norwegian.dct in Resources */,
				3694AABC1AE771E5001E8BE3 /* EnglishUK.dct in Resources */,
				3694AABA1AE771E5001E8BE3 /* Dutch.dct in Resources */,
				3694AABB1AE771E5001E8BE3 /* English.dct in Resources */,
				3694AAC31AE771E5001E8BE3 /* Spanish.dct in Resources */,
				362DADFB1C0A7504000A58EC /* Images.xcassets in Resources */,
				3694AAB91AE771E5001E8BE3 /* Danish.dct in Resources */,
				3694AABD1AE771E5001E8BE3 /* Finnish.dct in Resources */,
				3694AAC21AE771E5001E8BE3 /* Portuguese.dct in Resources */,
				3694AAC01AE771E5001E8BE3 /* Italian.dct in Resources */,
				3694AAB71AE771E5001E8BE3 /* Indonesian.dct in Resources */,
				362DAE0F1C0A75A0000A58EC /* LaunchScreen.xib in Resources */,
				362DAE101C0A75A0000A58EC /* Main.storyboard in Resources */,
				362DADF91C0A74FC000A58EC /* ReleaseNotes.txt in Resources */,
			);
			runOnlyForDeploymentPostprocessing = 0;
		};
/* End PBXResourcesBuildPhase section */

/* Begin PBXSourcesBuildPhase section */
		3694AA441AE43830001E8BE3 /* Sources */ = {
			isa = PBXSourcesBuildPhase;
			buildActionMask = 2147483647;
			files = (
				362DAE061C0A7546000A58EC /* EditWordItemViewController.swift in Sources */,
				362DADCD1C0A6566000A58EC /* LetterGroupView.m in Sources */,
				362DADD51C0A6566000A58EC /* SuggestionsView.m in Sources */,
				362DADCC1C0A6566000A58EC /* letimg.c in Sources */,
				362DADD01C0A6566000A58EC /* ThumbImageView.m in Sources */,
				3694AA501AE43830001E8BE3 /* ViewController.swift in Sources */,
				362DAE0A1C0A7546000A58EC /* WordListViewController.swift in Sources */,
				362DADDC1C0A6566000A58EC /* WritePadInputView.m in Sources */,
				362DADD91C0A6566000A58EC /* InkCollectorView.m in Sources */,
				362DAE071C0A7546000A58EC /* LanguageViewController.swift in Sources */,
				362DAE081C0A7546000A58EC /* OptionsViewController.swift in Sources */,
				362DAE091C0A7546000A58EC /* UserDictViewController.swift in Sources */,
				362DADD31C0A6566000A58EC /* RecognizerManager.m in Sources */,
				362DADD11C0A6566000A58EC /* LanguageManager.m in Sources */,
				362DADD21C0A6566000A58EC /* NSMutableArray+AddUnique.m in Sources */,
				362DADD41C0A6566000A58EC /* RectObject.m in Sources */,
				362DADD81C0A6566000A58EC /* WritePadPersistentData.m in Sources */,
				362DADDA1C0A6566000A58EC /* AsyncResultView.m in Sources */,
				362DADEA1C0A6AB2000A58EC /* Shortcut.m in Sources */,
				362DADDB1C0A6566000A58EC /* WritePadInputPanel.m in Sources */,
				3694AA4E1AE43830001E8BE3 /* AppDelegate.swift in Sources */,
				362DADD71C0A6566000A58EC /* WPTextView.m in Sources */,
				362DADD61C0A6566000A58EC /* utils.m in Sources */,
				362DADEB1C0A6AB2000A58EC /* Shortcuts.m in Sources */,
				362DADCF1C0A6566000A58EC /* lidata.c in Sources */,
				362DADCE1C0A6566000A58EC /* LetterShapesController.m in Sources */,
			);
			runOnlyForDeploymentPostprocessing = 0;
		};
/* End PBXSourcesBuildPhase section */

/* Begin PBXVariantGroup section */
		362DADF71C0A74FC000A58EC /* ReleaseNotes.txt */ = {
			isa = PBXVariantGroup;
			children = (
				362DADF81C0A74FC000A58EC /* Base */,
			);
			name = ReleaseNotes.txt;
			sourceTree = "<group>";
		};
		362DAE0B1C0A75A0000A58EC /* LaunchScreen.xib */ = {
			isa = PBXVariantGroup;
			children = (
				362DAE0C1C0A75A0000A58EC /* Base */,
			);
			name = LaunchScreen.xib;
			sourceTree = "<group>";
		};
		362DAE0D1C0A75A0000A58EC /* Main.storyboard */ = {
			isa = PBXVariantGroup;
			children = (
				362DAE0E1C0A75A0000A58EC /* Base */,
			);
			name = Main.storyboard;
			sourceTree = "<group>";
		};
/* End PBXVariantGroup section */

/* Begin XCBuildConfiguration section */
		3694AA651AE43830001E8BE3 /* Debug */ = {
			isa = XCBuildConfiguration;
			buildSettings = {
				ALWAYS_SEARCH_USER_PATHS = NO;
				CLANG_CXX_LANGUAGE_STANDARD = "gnu++0x";
				CLANG_CXX_LIBRARY = "libc++";
				CLANG_ENABLE_MODULES = YES;
				CLANG_ENABLE_OBJC_ARC = YES;
				CLANG_WARN_BOOL_CONVERSION = YES;
				CLANG_WARN_CONSTANT_CONVERSION = YES;
				CLANG_WARN_DIRECT_OBJC_ISA_USAGE = YES_ERROR;
				CLANG_WARN_EMPTY_BODY = YES;
				CLANG_WARN_ENUM_CONVERSION = YES;
				CLANG_WARN_INFINITE_RECURSION = YES;
				CLANG_WARN_INT_CONVERSION = YES;
				CLANG_WARN_OBJC_ROOT_CLASS = YES_ERROR;
				CLANG_WARN_SUSPICIOUS_MOVE = YES;
				CLANG_WARN_UNREACHABLE_CODE = YES;
				CLANG_WARN__DUPLICATE_METHOD_MATCH = YES;
				"CODE_SIGN_IDENTITY[sdk=iphoneos*]" = "iPhone Developer";
				COPY_PHASE_STRIP = NO;
				DEBUG_INFORMATION_FORMAT = "dwarf-with-dsym";
				ENABLE_STRICT_OBJC_MSGSEND = YES;
				ENABLE_TESTABILITY = YES;
				GCC_C_LANGUAGE_STANDARD = gnu99;
				GCC_DYNAMIC_NO_PIC = NO;
				GCC_NO_COMMON_BLOCKS = YES;
				GCC_OPTIMIZATION_LEVEL = 0;
				GCC_PREPROCESSOR_DEFINITIONS = (
					"DEBUG=1",
					"$(inherited)",
				);
				GCC_SYMBOLS_PRIVATE_EXTERN = NO;
				GCC_WARN_64_TO_32_BIT_CONVERSION = YES;
				GCC_WARN_ABOUT_RETURN_TYPE = YES_ERROR;
				GCC_WARN_UNDECLARED_SELECTOR = YES;
				GCC_WARN_UNINITIALIZED_AUTOS = YES_AGGRESSIVE;
				GCC_WARN_UNUSED_FUNCTION = YES;
				GCC_WARN_UNUSED_VARIABLE = YES;
				IPHONEOS_DEPLOYMENT_TARGET = 9.0;
				MTL_ENABLE_DEBUG_INFO = YES;
				ONLY_ACTIVE_ARCH = YES;
				SDKROOT = iphoneos;
				SWIFT_OPTIMIZATION_LEVEL = "-Onone";
				TARGETED_DEVICE_FAMILY = "1,2";
			};
			name = Debug;
		};
		3694AA661AE43830001E8BE3 /* Release */ = {
			isa = XCBuildConfiguration;
			buildSettings = {
				ALWAYS_SEARCH_USER_PATHS = NO;
				CLANG_CXX_LANGUAGE_STANDARD = "gnu++0x";
				CLANG_CXX_LIBRARY = "libc++";
				CLANG_ENABLE_MODULES = YES;
				CLANG_ENABLE_OBJC_ARC = YES;
				CLANG_WARN_BOOL_CONVERSION = YES;
				CLANG_WARN_CONSTANT_CONVERSION = YES;
				CLANG_WARN_DIRECT_OBJC_ISA_USAGE = YES_ERROR;
				CLANG_WARN_EMPTY_BODY = YES;
				CLANG_WARN_ENUM_CONVERSION = YES;
				CLANG_WARN_INFINITE_RECURSION = YES;
				CLANG_WARN_INT_CONVERSION = YES;
				CLANG_WARN_OBJC_ROOT_CLASS = YES_ERROR;
				CLANG_WARN_SUSPICIOUS_MOVE = YES;
				CLANG_WARN_UNREACHABLE_CODE = YES;
				CLANG_WARN__DUPLICATE_METHOD_MATCH = YES;
				"CODE_SIGN_IDENTITY[sdk=iphoneos*]" = "iPhone Developer";
				COPY_PHASE_STRIP = NO;
				DEBUG_INFORMATION_FORMAT = "dwarf-with-dsym";
				ENABLE_NS_ASSERTIONS = NO;
				ENABLE_STRICT_OBJC_MSGSEND = YES;
				GCC_C_LANGUAGE_STANDARD = gnu99;
				GCC_NO_COMMON_BLOCKS = YES;
				GCC_WARN_64_TO_32_BIT_CONVERSION = YES;
				GCC_WARN_ABOUT_RETURN_TYPE = YES_ERROR;
				GCC_WARN_UNDECLARED_SELECTOR = YES;
				GCC_WARN_UNINITIALIZED_AUTOS = YES_AGGRESSIVE;
				GCC_WARN_UNUSED_FUNCTION = YES;
				GCC_WARN_UNUSED_VARIABLE = YES;
				IPHONEOS_DEPLOYMENT_TARGET = 9.0;
				MTL_ENABLE_DEBUG_INFO = NO;
				SDKROOT = iphoneos;
				SWIFT_OPTIMIZATION_LEVEL = "-Owholemodule";
				TARGETED_DEVICE_FAMILY = "1,2";
				VALIDATE_PRODUCT = YES;
			};
			name = Release;
		};
		3694AA681AE43830001E8BE3 /* Debug */ = {
			isa = XCBuildConfiguration;
			buildSettings = {
				ASSETCATALOG_COMPILER_APPICON_NAME = AppIcon;
				CLANG_ENABLE_MODULES = YES;
				CODE_SIGN_ENTITLEMENTS = "WritePadSDK-Sample-Swift/WritePadSDK-Sample-Swift.entitlements";
				CODE_SIGN_IDENTITY = "iPhone Developer: stanmiasnikov@gmail.com (7JQSL24E9R)";
				"CODE_SIGN_IDENTITY[sdk=iphoneos*]" = "iPhone Developer";
				DEVELOPMENT_TEAM = U97D34BCNV;
				INFOPLIST_FILE = "WritePadSDK-Sample-Swift/Info.plist";
				IPHONEOS_DEPLOYMENT_TARGET = 9.0;
				LD_RUNPATH_SEARCH_PATHS = "$(inherited) @executable_path/Frameworks";
				LIBRARY_SEARCH_PATHS = (
					"$(inherited)",
					"$(SRCROOT)/../Library",
				);
				OTHER_LDFLAGS = "-lstdc++";
				PRODUCT_BUNDLE_IDENTIFIER = "com.phatware.WritePadSDK-Swift";
				PRODUCT_NAME = "$(TARGET_NAME)";
				PROVISIONING_PROFILE = "";
				SWIFT_OBJC_BRIDGING_HEADER = "WritePadSDK-Sample-Swift/WritePadSDK-Sample-Swift-Bridging-Header.h";
				SWIFT_OPTIMIZATION_LEVEL = "-Onone";
				SWIFT_VERSION = 3.0;
			};
			name = Debug;
		};
		3694AA691AE43830001E8BE3 /* Release */ = {
			isa = XCBuildConfiguration;
			buildSettings = {
				ASSETCATALOG_COMPILER_APPICON_NAME = AppIcon;
				CLANG_ENABLE_MODULES = YES;
				CODE_SIGN_ENTITLEMENTS = "WritePadSDK-Sample-Swift/WritePadSDK-Sample-Swift.entitlements";
				CODE_SIGN_IDENTITY = "iPhone Developer: stanmiasnikov@gmail.com (7JQSL24E9R)";
				"CODE_SIGN_IDENTITY[sdk=iphoneos*]" = "iPhone Developer";
				DEVELOPMENT_TEAM = U97D34BCNV;
				INFOPLIST_FILE = "WritePadSDK-Sample-Swift/Info.plist";
				IPHONEOS_DEPLOYMENT_TARGET = 9.0;
				LD_RUNPATH_SEARCH_PATHS = "$(inherited) @executable_path/Frameworks";
				LIBRARY_SEARCH_PATHS = (
					"$(inherited)",
					"$(SRCROOT)/../Library",
				);
				OTHER_LDFLAGS = "-lstdc++";
				PRODUCT_BUNDLE_IDENTIFIER = "com.phatware.WritePadSDK-Swift";
				PRODUCT_NAME = "$(TARGET_NAME)";
				PROVISIONING_PROFILE = "";
				SWIFT_OBJC_BRIDGING_HEADER = "WritePadSDK-Sample-Swift/WritePadSDK-Sample-Swift-Bridging-Header.h";
				SWIFT_VERSION = 3.0;
			};
			name = Release;
		};
/* End XCBuildConfiguration section */

/* Begin XCConfigurationList section */
		3694AA431AE43830001E8BE3 /* Build configuration list for PBXProject "WritePadSDK-Sample-Swift" */ = {
			isa = XCConfigurationList;
			buildConfigurations = (
				3694AA651AE43830001E8BE3 /* Debug */,
				3694AA661AE43830001E8BE3 /* Release */,
			);
			defaultConfigurationIsVisible = 0;
			defaultConfigurationName = Release;
		};
		3694AA671AE43830001E8BE3 /* Build configuration list for PBXNativeTarget "WritePadSDK-Sample-Swift" */ = {
			isa = XCConfigurationList;
			buildConfigurations = (
				3694AA681AE43830001E8BE3 /* Debug */,
				3694AA691AE43830001E8BE3 /* Release */,
			);
			defaultConfigurationIsVisible = 0;
			defaultConfigurationName = Release;
		};
/* End XCConfigurationList section */
	};
	rootObject = 3694AA401AE43830001E8BE3 /* Project object */;
}
